
Microsoft Visual Studio Solution File, Format Version 12.00
# Visual Studio 14
VisualStudioVersion = 14.0.25420.1
MinimumVisualStudioVersion = 10.0.40219.1
Project("{FAE04EC0-301F-11D3-BF4B-00C04F79EFBC}") = "MyCQRS.Web", "TestCQRSForMySelf\MyCQRS.Web.csproj", "{A93F15E5-6F95-4A7E-9194-E3125EE9D80D}"
EndProject
Project("{FAE04EC0-301F-11D3-BF4B-00C04F79EFBC}") = "MyCQRS.Domain", "Domain\MyCQRS.Domain.csproj", "{410E5F86-C137-45D8-8800-8CCD65A9C6F9}"
EndProject
Project("{FAE04EC0-301F-11D3-BF4B-00C04F79EFBC}") = "MyCQRS.Storage", "Storage\MyCQRS.Storage.csproj", "{68ACA63E-52B2-413A-ABA8-90DDC411A4F2}"
EndProject
Project("{FAE04EC0-301F-11D3-BF4B-00C04F79EFBC}") = "MyCQRS.QueryServices", "QueryServices\MyCQRS.QueryServices.csproj", "{CFE30188-E836-43EC-AAF3-E7E9DB97099A}"
EndProject
Project("{FAE04EC0-301F-11D3-BF4B-00C04F79EFBC}") = "MyCQRS.CommandHandlers", "CommandHandles\MyCQRS.CommandHandlers.csproj", "{17867701-19D9-412D-9E25-070DD63C168E}"
EndProject
Project("{FAE04EC0-301F-11D3-BF4B-00C04F79EFBC}") = "MyCQRS.Commands", "Commands\MyCQRS.Commands.csproj", "{A42E3B2C-6D0B-46A3-913D-EC3F72555ED0}"
EndProject
Project("{FAE04EC0-301F-11D3-BF4B-00C04F79EFBC}") = "MyCQRS.EventHandles", "EventHandles\MyCQRS.EventHandles.csproj", "{A3D5C7E2-F160-448D-9858-D55F7B5F7A6D}"
EndProject
Project("{FAE04EC0-301F-11D3-BF4B-00C04F79EFBC}") = "MyCQRS.Utils", "Utils\MyCQRS.Utils.csproj", "{582DCBC0-3A43-4F39-B0FD-313AA658739C}"
EndProject
Project("{FAE04EC0-301F-11D3-BF4B-00C04F79EFBC}") = "MyCQRS.Exceptions", "Exceptions\MyCQRS.Exceptions.csproj", "{BB93DB06-CE29-4165-A612-4D231DCA4B0C}"
EndProject
Project("{FAE04EC0-301F-11D3-BF4B-00C04F79EFBC}") = "MyCQRS.Web.Auxiliary", "Infrastructure\MyCQRS.Web.Auxiliary.csproj", "{87103A67-BA19-4B58-AFDD-A5587FA34325}"
EndProject
Project("{FAE04EC0-301F-11D3-BF4B-00C04F79EFBC}") = "MyCQRS.ApplicationHelper", "ApplicationHelper\MyCQRS.ApplicationHelper.csproj", "{D6228289-060D-4582-ADF0-D9E8F4701486}"
EndProject
Project("{FAE04EC0-301F-11D3-BF4B-00C04F79EFBC}") = "MyCQRS.Messaging", "Messaging\MyCQRS.Messaging.csproj", "{E45F6F07-5333-43B8-B238-E1AAB497E97C}"
EndProject
Project("{FAE04EC0-301F-11D3-BF4B-00C04F79EFBC}") = "MyCQRS.ProcessManagers", "MyCQRS.ProcessManagers\MyCQRS.ProcessManagers.csproj", "{64833366-377A-4897-AC31-D4BCC6AB4F31}"
EndProject
Global
	GlobalSection(SolutionConfigurationPlatforms) = preSolution
		Debug|Any CPU = Debug|Any CPU
		Release|Any CPU = Release|Any CPU
	EndGlobalSection
	GlobalSection(ProjectConfigurationPlatforms) = postSolution
		{A93F15E5-6F95-4A7E-9194-E3125EE9D80D}.Debug|Any CPU.ActiveCfg = Debug|Any CPU
		{A93F15E5-6F95-4A7E-9194-E3125EE9D80D}.Debug|Any CPU.Build.0 = Debug|Any CPU
		{A93F15E5-6F95-4A7E-9194-E3125EE9D80D}.Release|Any CPU.ActiveCfg = Release|Any CPU
		{A93F15E5-6F95-4A7E-9194-E3125EE9D80D}.Release|Any CPU.Build.0 = Release|Any CPU
		{410E5F86-C137-45D8-8800-8CCD65A9C6F9}.Debug|Any CPU.ActiveCfg = Debug|Any CPU
		{410E5F86-C137-45D8-8800-8CCD65A9C6F9}.Debug|Any CPU.Build.0 = Debug|Any CPU
		{410E5F86-C137-45D8-8800-8CCD65A9C6F9}.Release|Any CPU.ActiveCfg = Release|Any CPU
		{410E5F86-C137-45D8-8800-8CCD65A9C6F9}.Release|Any CPU.Build.0 = Release|Any CPU
		{68ACA63E-52B2-413A-ABA8-90DDC411A4F2}.Debug|Any CPU.ActiveCfg = Debug|Any CPU
		{68ACA63E-52B2-413A-ABA8-90DDC411A4F2}.Debug|Any CPU.Build.0 = Debug|Any CPU
		{68ACA63E-52B2-413A-ABA8-90DDC411A4F2}.Release|Any CPU.ActiveCfg = Release|Any CPU
		{68ACA63E-52B2-413A-ABA8-90DDC411A4F2}.Release|Any CPU.Build.0 = Release|Any CPU
		{CFE30188-E836-43EC-AAF3-E7E9DB97099A}.Debug|Any CPU.ActiveCfg = Debug|Any CPU
		{CFE30188-E836-43EC-AAF3-E7E9DB97099A}.Debug|Any CPU.Build.0 = Debug|Any CPU
		{CFE30188-E836-43EC-AAF3-E7E9DB97099A}.Release|Any CPU.ActiveCfg = Release|Any CPU
		{CFE30188-E836-43EC-AAF3-E7E9DB97099A}.Release|Any CPU.Build.0 = Release|Any CPU
		{17867701-19D9-412D-9E25-070DD63C168E}.Debug|Any CPU.ActiveCfg = Debug|Any CPU
		{17867701-19D9-412D-9E25-070DD63C168E}.Debug|Any CPU.Build.0 = Debug|Any CPU
		{17867701-19D9-412D-9E25-070DD63C168E}.Release|Any CPU.ActiveCfg = Release|Any CPU
		{17867701-19D9-412D-9E25-070DD63C168E}.Release|Any CPU.Build.0 = Release|Any CPU
		{A42E3B2C-6D0B-46A3-913D-EC3F72555ED0}.Debug|Any CPU.ActiveCfg = Debug|Any CPU
		{A42E3B2C-6D0B-46A3-913D-EC3F72555ED0}.Debug|Any CPU.Build.0 = Debug|Any CPU
		{A42E3B2C-6D0B-46A3-913D-EC3F72555ED0}.Release|Any CPU.ActiveCfg = Release|Any CPU
		{A42E3B2C-6D0B-46A3-913D-EC3F72555ED0}.Release|Any CPU.Build.0 = Release|Any CPU
		{A3D5C7E2-F160-448D-9858-D55F7B5F7A6D}.Debug|Any CPU.ActiveCfg = Debug|Any CPU
		{A3D5C7E2-F160-448D-9858-D55F7B5F7A6D}.Debug|Any CPU.Build.0 = Debug|Any CPU
		{A3D5C7E2-F160-448D-9858-D55F7B5F7A6D}.Release|Any CPU.ActiveCfg = Release|Any CPU
		{A3D5C7E2-F160-448D-9858-D55F7B5F7A6D}.Release|Any CPU.Build.0 = Release|Any CPU
		{582DCBC0-3A43-4F39-B0FD-313AA658739C}.Debug|Any CPU.ActiveCfg = Debug|Any CPU
		{582DCBC0-3A43-4F39-B0FD-313AA658739C}.Debug|Any CPU.Build.0 = Debug|Any CPU
		{582DCBC0-3A43-4F39-B0FD-313AA658739C}.Release|Any CPU.ActiveCfg = Release|Any CPU
		{582DCBC0-3A43-4F39-B0FD-313AA658739C}.Release|Any CPU.Build.0 = Release|Any CPU
		{BB93DB06-CE29-4165-A612-4D231DCA4B0C}.Debug|Any CPU.ActiveCfg = Debug|Any CPU
		{BB93DB06-CE29-4165-A612-4D231DCA4B0C}.Debug|Any CPU.Build.0 = Debug|Any CPU
		{BB93DB06-CE29-4165-A612-4D231DCA4B0C}.Release|Any CPU.ActiveCfg = Release|Any CPU
		{BB93DB06-CE29-4165-A612-4D231DCA4B0C}.Release|Any CPU.Build.0 = Release|Any CPU
		{87103A67-BA19-4B58-AFDD-A5587FA34325}.Debug|Any CPU.ActiveCfg = Debug|Any CPU
		{87103A67-BA19-4B58-AFDD-A5587FA34325}.Debug|Any CPU.Build.0 = Debug|Any CPU
		{87103A67-BA19-4B58-AFDD-A5587FA34325}.Release|Any CPU.ActiveCfg = Release|Any CPU
		{87103A67-BA19-4B58-AFDD-A5587FA34325}.Release|Any CPU.Build.0 = Release|Any CPU
		{D6228289-060D-4582-ADF0-D9E8F4701486}.Debug|Any CPU.ActiveCfg = Debug|Any CPU
		{D6228289-060D-4582-ADF0-D9E8F4701486}.Debug|Any CPU.Build.0 = Debug|Any CPU
		{D6228289-060D-4582-ADF0-D9E8F4701486}.Release|Any CPU.ActiveCfg = Release|Any CPU
		{D6228289-060D-4582-ADF0-D9E8F4701486}.Release|Any CPU.Build.0 = Release|Any CPU
		{E45F6F07-5333-43B8-B238-E1AAB497E97C}.Debug|Any CPU.ActiveCfg = Debug|Any CPU
		{E45F6F07-5333-43B8-B238-E1AAB497E97C}.Debug|Any CPU.Build.0 = Debug|Any CPU
		{E45F6F07-5333-43B8-B238-E1AAB497E97C}.Release|Any CPU.ActiveCfg = Release|Any CPU
		{E45F6F07-5333-43B8-B238-E1AAB497E97C}.Release|Any CPU.Build.0 = Release|Any CPU
		{64833366-377A-4897-AC31-D4BCC6AB4F31}.Debug|Any CPU.ActiveCfg = Debug|Any CPU
		{64833366-377A-4897-AC31-D4BCC6AB4F31}.Debug|Any CPU.Build.0 = Debug|Any CPU
		{64833366-377A-4897-AC31-D4BCC6AB4F31}.Release|Any CPU.ActiveCfg = Release|Any CPU
		{64833366-377A-4897-AC31-D4BCC6AB4F31}.Release|Any CPU.Build.0 = Release|Any CPU
	EndGlobalSection
	GlobalSection(SolutionProperties) = preSolution
		HideSolutionNode = FALSE
	EndGlobalSection
EndGlobal
